// !$*UTF8*$!
{
	archiveVersion = 1;
	classes = {
	};
	objectVersion = 46;
	objects = {

/* Begin PBXBuildFile section */
		283D12481E1A8CB0004FAAB9 /* AppDelegate.swift in Sources */ = {isa = PBXBuildFile; fileRef = 283D12471E1A8CB0004FAAB9 /* AppDelegate.swift */; };
		283D124A1E1A8CB0004FAAB9 /* ViewController.swift in Sources */ = {isa = PBXBuildFile; fileRef = 283D12491E1A8CB0004FAAB9 /* ViewController.swift */; };
		283D124D1E1A8CB0004FAAB9 /* Main.storyboard in Resources */ = {isa = PBXBuildFile; fileRef = 283D124B1E1A8CB0004FAAB9 /* Main.storyboard */; };
		283D124F1E1A8CB0004FAAB9 /* Assets.xcassets in Resources */ = {isa = PBXBuildFile; fileRef = 283D124E1E1A8CB0004FAAB9 /* Assets.xcassets */; };
		283D12521E1A8CB0004FAAB9 /* LaunchScreen.storyboard in Resources */ = {isa = PBXBuildFile; fileRef = 283D12501E1A8CB0004FAAB9 /* LaunchScreen.storyboard */; };
		283D125B1E1A8D42004FAAB9 /* Event.swift in Sources */ = {isa = PBXBuildFile; fileRef = 283D125A1E1A8D42004FAAB9 /* Event.swift */; };
		28C655951E6FC04F00DF7BCA /* HistoricalCard.swift in Sources */ = {isa = PBXBuildFile; fileRef = 28C655941E6FC04F00DF7BCA /* HistoricalCard.swift */; };
		28C655981E6FF52A00DF7BCA /* Category.swift in Sources */ = {isa = PBXBuildFile; fileRef = 28C655971E6FF52A00DF7BCA /* Category.swift */; };
		28C6559A1E6FF55400DF7BCA /* HistoricalCards.swift in Sources */ = {isa = PBXBuildFile; fileRef = 28C655991E6FF55400DF7BCA /* HistoricalCards.swift */; };
/* End PBXBuildFile section */

/* Begin PBXFileReference section */
		283D12441E1A8CB0004FAAB9 /* HistoricalCards.app */ = {isa = PBXFileReference; explicitFileType = wrapper.application; includeInIndex = 0; path = HistoricalCards.app; sourceTree = BUILT_PRODUCTS_DIR; };
		283D12471E1A8CB0004FAAB9 /* AppDelegate.swift */ = {isa = PBXFileReference; lastKnownFileType = sourcecode.swift; path = AppDelegate.swift; sourceTree = "<group>"; };
		283D12491E1A8CB0004FAAB9 /* ViewController.swift */ = {isa = PBXFileReference; lastKnownFileType = sourcecode.swift; path = ViewController.swift; sourceTree = "<group>"; };
		283D124C1E1A8CB0004FAAB9 /* Base */ = {isa = PBXFileReference; lastKnownFileType = file.storyboard; name = Base; path = Base.lproj/Main.storyboard; sourceTree = "<group>"; };
		283D124E1E1A8CB0004FAAB9 /* Assets.xcassets */ = {isa = PBXFileReference; lastKnownFileType = folder.assetcatalog; path = Assets.xcassets; sourceTree = "<group>"; };
		283D12511E1A8CB0004FAAB9 /* Base */ = {isa = PBXFileReference; lastKnownFileType = file.storyboard; name = Base; path = Base.lproj/LaunchScreen.storyboard; sourceTree = "<group>"; };
		283D12531E1A8CB0004FAAB9 /* Info.plist */ = {isa = PBXFileReference; lastKnownFileType = text.plist.xml; path = Info.plist; sourceTree = "<group>"; };
		283D125A1E1A8D42004FAAB9 /* Event.swift */ = {isa = PBXFileReference; fileEncoding = 4; lastKnownFileType = sourcecode.swift; path = Event.swift; sourceTree = "<group>"; };
		28C655941E6FC04F00DF7BCA /* HistoricalCard.swift */ = {isa = PBXFileReference; fileEncoding = 4; lastKnownFileType = sourcecode.swift; path = HistoricalCard.swift; sourceTree = "<group>"; };
		28C655971E6FF52A00DF7BCA /* Category.swift */ = {isa = PBXFileReference; fileEncoding = 4; lastKnownFileType = sourcecode.swift; path = Category.swift; sourceTree = "<group>"; };
		28C655991E6FF55400DF7BCA /* HistoricalCards.swift */ = {isa = PBXFileReference; fileEncoding = 4; lastKnownFileType = sourcecode.swift; path = HistoricalCards.swift; sourceTree = "<group>"; };
/* End PBXFileReference section */

/* Begin PBXFrameworksBuildPhase section */
		283D12411E1A8CB0004FAAB9 /* Frameworks */ = {
			isa = PBXFrameworksBuildPhase;
			buildActionMask = 2147483647;
			files = (
			);
			runOnlyForDeploymentPostprocessing = 0;
		};
/* End PBXFrameworksBuildPhase section */

/* Begin PBXGroup section */
		283D123B1E1A8CB0004FAAB9 = {
			isa = PBXGroup;
			children = (
				283D12461E1A8CB0004FAAB9 /* HistoryCards */,
				283D12451E1A8CB0004FAAB9 /* Products */,
			);
			sourceTree = "<group>";
		};
		283D12451E1A8CB0004FAAB9 /* Products */ = {
			isa = PBXGroup;
			children = (
				283D12441E1A8CB0004FAAB9 /* HistoricalCards.app */,
			);
			name = Products;
			sourceTree = "<group>";
		};
		283D12461E1A8CB0004FAAB9 /* HistoryCards */ = {
			isa = PBXGroup;
			children = (
				28C655961E6FF4E400DF7BCA /* New Group */,
				283D12591E1A8CFF004FAAB9 /* Model */,
				283D12471E1A8CB0004FAAB9 /* AppDelegate.swift */,
				283D12491E1A8CB0004FAAB9 /* ViewController.swift */,
				283D124B1E1A8CB0004FAAB9 /* Main.storyboard */,
				283D124E1E1A8CB0004FAAB9 /* Assets.xcassets */,
				283D12501E1A8CB0004FAAB9 /* LaunchScreen.storyboard */,
				283D12531E1A8CB0004FAAB9 /* Info.plist */,
			);
			path = HistoryCards;
			sourceTree = "<group>";
		};
		283D12591E1A8CFF004FAAB9 /* Model */ = {
			isa = PBXGroup;
			children = (
				283D125A1E1A8D42004FAAB9 /* Event.swift */,
				28C655941E6FC04F00DF7BCA /* HistoricalCard.swift */,
				28C655971E6FF52A00DF7BCA /* Category.swift */,
				28C655991E6FF55400DF7BCA /* HistoricalCards.swift */,
			);
			name = Model;
			sourceTree = "<group>";
		};
		28C655961E6FF4E400DF7BCA /* New Group */ = {
			isa = PBXGroup;
			children = (
			);
			name = "New Group";
			sourceTree = "<group>";
		};
/* End PBXGroup section */

/* Begin PBXNativeTarget section */
		283D12431E1A8CB0004FAAB9 /* HistoricalCards */ = {
			isa = PBXNativeTarget;
			buildConfigurationList = 283D12561E1A8CB0004FAAB9 /* Build configuration list for PBXNativeTarget "HistoricalCards" */;
			buildPhases = (
				283D12401E1A8CB0004FAAB9 /* Sources */,
				283D12411E1A8CB0004FAAB9 /* Frameworks */,
				283D12421E1A8CB0004FAAB9 /* Resources */,
			);
			buildRules = (
			);
			dependencies = (
			);
			name = HistoricalCards;
			productName = HistoryCards;
			productReference = 283D12441E1A8CB0004FAAB9 /* HistoricalCards.app */;
			productType = "com.apple.product-type.application";
		};
/* End PBXNativeTarget section */

/* Begin PBXProject section */
		283D123C1E1A8CB0004FAAB9 /* Project object */ = {
			isa = PBXProject;
			attributes = {
				LastSwiftUpdateCheck = 0810;
				LastUpgradeCheck = 0810;
				ORGANIZATIONNAME = Dmitrii;
				TargetAttributes = {
					283D12431E1A8CB0004FAAB9 = {
						CreatedOnToolsVersion = 8.1;
						ProvisioningStyle = Automatic;
					};
				};
			};
			buildConfigurationList = 283D123F1E1A8CB0004FAAB9 /* Build configuration list for PBXProject "HistoricalCards" */;
			compatibilityVersion = "Xcode 3.2";
			developmentRegion = English;
			hasScannedForEncodings = 0;
			knownRegions = (
				en,
				Base,
			);
			mainGroup = 283D123B1E1A8CB0004FAAB9;
			productRefGroup = 283D12451E1A8CB0004FAAB9 /* Products */;
			projectDirPath = "";
			projectRoot = "";
			targets = (
				283D12431E1A8CB0004FAAB9 /* HistoricalCards */,
			);
		};
/* End PBXProject section */

/* Begin PBXResourcesBuildPhase section */
		283D12421E1A8CB0004FAAB9 /* Resources */ = {
			isa = PBXResourcesBuildPhase;
			buildActionMask = 2147483647;
			files = (
				283D12521E1A8CB0004FAAB9 /* LaunchScreen.storyboard in Resources */,
				283D124F1E1A8CB0004FAAB9 /* Assets.xcassets in Resources */,
				283D124D1E1A8CB0004FAAB9 /* Main.storyboard in Resources */,
			);
			runOnlyForDeploymentPostprocessing = 0;
		};
/* End PBXResourcesBuildPhase section */

/* Begin PBXSourcesBuildPhase section */
		283D12401E1A8CB0004FAAB9 /* Sources */ = {
			isa = PBXSourcesBuildPhase;
			buildActionMask = 2147483647;
			files = (
				283D124A1E1A8CB0004FAAB9 /* ViewController.swift in Sources */,
				28C655981E6FF52A00DF7BCA /* Category.swift in Sources */,
				283D125B1E1A8D42004FAAB9 /* Event.swift in Sources */,
				28C6559A1E6FF55400DF7BCA /* HistoricalCards.swift in Sources */,
				283D12481E1A8CB0004FAAB9 /* AppDelegate.swift in Sources */,
				28C655951E6FC04F00DF7BCA /* HistoricalCard.swift in Sources */,
			);
			runOnlyForDeploymentPostprocessing = 0;
		};
/* End PBXSourcesBuildPhase section */

/* Begin PBXVariantGroup section */
		283D124B1E1A8CB0004FAAB9 /* Main.storyboard */ = {
			isa = PBXVariantGroup;
			children = (
				283D124C1E1A8CB0004FAAB9 /* Base */,
			);
			name = Main.storyboard;
			sourceTree = "<group>";
		};
		283D12501E1A8CB0004FAAB9 /* LaunchScreen.storyboard */ = {
			isa = PBXVariantGroup;
			children = (
				283D12511E1A8CB0004FAAB9 /* Base */,
			);
			name = LaunchScreen.storyboard;
			sourceTree = "<group>";
		};
/* End PBXVariantGroup section */

/* Begin XCBuildConfiguration section */
		283D12541E1A8CB0004FAAB9 /* Debug */ = {
			isa = XCBuildConfiguration;
			buildSettings = {
				ALWAYS_SEARCH_USER_PATHS = NO;
				CLANG_ANALYZER_NONNULL = YES;
				CLANG_CXX_LANGUAGE_STANDARD = "gnu++0x";
				CLANG_CXX_LIBRARY = "libc++";
				CLANG_ENABLE_MODULES = YES;
				CLANG_ENABLE_OBJC_ARC = YES;
				CLANG_WARN_BOOL_CONVERSION = YES;
				CLANG_WARN_CONSTANT_CONVERSION = YES;
				CLANG_WARN_DIRECT_OBJC_ISA_USAGE = YES_ERROR;
				CLANG_WARN_DOCUMENTATION_COMMENTS = YES;
				CLANG_WARN_EMPTY_BODY = YES;
				CLANG_WARN_ENUM_CONVERSION = YES;
				CLANG_WARN_INFINITE_RECURSION = YES;
				CLANG_WARN_INT_CONVERSION = YES;
				CLANG_WARN_OBJC_ROOT_CLASS = YES_ERROR;
				CLANG_WARN_SUSPICIOUS_MOVES = YES;
				CLANG_WARN_UNREACHABLE_CODE = YES;
				CLANG_WARN__DUPLICATE_METHOD_MATCH = YES;
				"CODE_SIGN_IDENTITY[sdk=iphoneos*]" = "iPhone Developer";
				COPY_PHASE_STRIP = NO;
				DEBUG_INFORMATION_FORMAT = dwarf;
				ENABLE_STRICT_OBJC_MSGSEND = YES;
				ENABLE_TESTABILITY = YES;
				GCC_C_LANGUAGE_STANDARD = gnu99;
				GCC_DYNAMIC_NO_PIC = NO;
				GCC_NO_COMMON_BLOCKS = YES;
				GCC_OPTIMIZATION_LEVEL = 0;
				GCC_PREPROCESSOR_DEFINITIONS = (
					"DEBUG=1",
					"$(inherited)",
				);
				GCC_WARN_64_TO_32_BIT_CONVERSION = YES;
				GCC_WARN_ABOUT_RETURN_TYPE = YES_ERROR;
				GCC_WARN_UNDECLARED_SELECTOR = YES;
				GCC_WARN_UNINITIALIZED_AUTOS = YES_AGGRESSIVE;
				GCC_WARN_UNUSED_FUNCTION = YES;
				GCC_WARN_UNUSED_VARIABLE = YES;
				IPHONEOS_DEPLOYMENT_TARGET = 10.1;
				MTL_ENABLE_DEBUG_INFO = YES;
				ONLY_ACTIVE_ARCH = YES;
				SDKROOT = iphoneos;
				SWIFT_ACTIVE_COMPILATION_CONDITIONS = DEBUG;
				SWIFT_OPTIMIZATION_LEVEL = "-Onone";
				TARGETED_DEVICE_FAMILY = "1,2";
			};
			name = Debug;
		};
		283D12551E1A8CB0004FAAB9 /* Release */ = {
			isa = XCBuildConfiguration;
			buildSettings = {
				ALWAYS_SEARCH_USER_PATHS = NO;
				CLANG_ANALYZER_NONNULL = YES;
				CLANG_CXX_LANGUAGE_STANDARD = "gnu++0x";
				CLANG_CXX_LIBRARY = "libc++";
				CLANG_ENABLE_MODULES = YES;
				CLANG_ENABLE_OBJC_ARC = YES;
				CLANG_WARN_BOOL_CONVERSION = YES;
				CLANG_WARN_CONSTANT_CONVERSION = YES;
				CLANG_WARN_DIRECT_OBJC_ISA_USAGE = YES_ERROR;
				CLANG_WARN_DOCUMENTATION_COMMENTS = YES;
				CLANG_WARN_EMPTY_BODY = YES;
				CLANG_WARN_ENUM_CONVERSION = YES;
				CLANG_WARN_INFINITE_RECURSION = YES;
				CLANG_WARN_INT_CONVERSION = YES;
				CLANG_WARN_OBJC_ROOT_CLASS = YES_ERROR;
				CLANG_WARN_SUSPICIOUS_MOVES = YES;
				CLANG_WARN_UNREACHABLE_CODE = YES;
				CLANG_WARN__DUPLICATE_METHOD_MATCH = YES;
				"CODE_SIGN_IDENTITY[sdk=iphoneos*]" = "iPhone Developer";
				COPY_PHASE_STRIP = NO;
				DEBUG_INFORMATION_FORMAT = "dwarf-with-dsym";
				ENABLE_NS_ASSERTIONS = NO;
				ENABLE_STRICT_OBJC_MSGSEND = YES;
				GCC_C_LANGUAGE_STANDARD = gnu99;
				GCC_NO_COMMON_BLOCKS = YES;
				GCC_WARN_64_TO_32_BIT_CONVERSION = YES;
				GCC_WARN_ABOUT_RETURN_TYPE = YES_ERROR;
				GCC_WARN_UNDECLARED_SELECTOR = YES;
				GCC_WARN_UNINITIALIZED_AUTOS = YES_AGGRESSIVE;
				GCC_WARN_UNUSED_FUNCTION = YES;
				GCC_WARN_UNUSED_VARIABLE = YES;
				IPHONEOS_DEPLOYMENT_TARGET = 10.1;
				MTL_ENABLE_DEBUG_INFO = NO;
				SDKROOT = iphoneos;
				SWIFT_OPTIMIZATION_LEVEL = "-Owholemodule";
				TARGETED_DEVICE_FAMILY = "1,2";
				VALIDATE_PRODUCT = YES;
			};
			name = Release;
		};
		283D12571E1A8CB0004FAAB9 /* Debug */ = {
			isa = XCBuildConfiguration;
			buildSettings = {
				ASSETCATALOG_COMPILER_APPICON_NAME = AppIcon;
				INFOPLIST_FILE = HistoryCards/Info.plist;
				LD_RUNPATH_SEARCH_PATHS = "$(inherited) @executable_path/Frameworks";
				PRODUCT_BUNDLE_IDENTIFIER = SuitCompany.HistoryCards;
				PRODUCT_NAME = "$(TARGET_NAME)";
				SWIFT_VERSION = 3.0;
			};
			name = Debug;
		};
		283D12581E1A8CB0004FAAB9 /* Release */ = {
			isa = XCBuildConfiguration;
			buildSettings = {
				ASSETCATALOG_COMPILER_APPICON_NAME = AppIcon;
				INFOPLIST_FILE = HistoryCards/Info.plist;
				LD_RUNPATH_SEARCH_PATHS = "$(inherited) @executable_path/Frameworks";
				PRODUCT_BUNDLE_IDENTIFIER = SuitCompany.HistoryCards;
				PRODUCT_NAME = "$(TARGET_NAME)";
				SWIFT_VERSION = 3.0;
			};
			name = Release;
		};
/* End XCBuildConfiguration section */

/* Begin XCConfigurationList section */
		283D123F1E1A8CB0004FAAB9 /* Build configuration list for PBXProject "HistoricalCards" */ = {
			isa = XCConfigurationList;
			buildConfigurations = (
				283D12541E1A8CB0004FAAB9 /* Debug */,
				283D12551E1A8CB0004FAAB9 /* Release */,
			);
			defaultConfigurationIsVisible = 0;
			defaultConfigurationName = Release;
		};
		283D12561E1A8CB0004FAAB9 /* Build configuration list for PBXNativeTarget "HistoricalCards" */ = {
			isa = XCConfigurationList;
			buildConfigurations = (
				283D12571E1A8CB0004FAAB9 /* Debug */,
				283D12581E1A8CB0004FAAB9 /* Release */,
			);
			defaultConfigurationIsVisible = 0;
			defaultConfigurationName = Release;
		};
/* End XCConfigurationList section */
	};
	rootObject = 283D123C1E1A8CB0004FAAB9 /* Project object */;
}
